
Microsoft Visual Studio Solution File, Format Version 12.00
# Visual Studio Version 17
VisualStudioVersion = 17.4.33213.308
MinimumVisualStudioVersion = 10.0.40219.1
Project("{8BC9CEB8-8B4A-11D0-8D11-00A0C91BC942}") = "Morskoy", "Morskoy\Morskoy.vcxproj", "{2F6A293B-A724-43FC-B411-3378DA7BC665}"
EndProject
Global
	GlobalSection(SolutionConfigurationPlatforms) = preSolution
		Debug|x64 = Debug|x64
		Debug|x86 = Debug|x86
		Release|x64 = Release|x64
		Release|x86 = Release|x86
	EndGlobalSection
	GlobalSection(ProjectConfigurationPlatforms) = postSolution
		{2F6A293B-A724-43FC-B411-3378DA7BC665}.Debug|x64.ActiveCfg = Debug|x64
		{2F6A293B-A724-43FC-B411-3378DA7BC665}.Debug|x64.Build.0 = Debug|x64
		{2F6A293B-A724-43FC-B411-3378DA7BC665}.Debug|x86.ActiveCfg = Debug|Win32
		{2F6A293B-A724-43FC-B411-3378DA7BC665}.Debug|x86.Build.0 = Debug|Win32
		{2F6A293B-A724-43FC-B411-3378DA7BC665}.Release|x64.ActiveCfg = Release|x64
		{2F6A293B-A724-43FC-B411-3378DA7BC665}.Release|x64.Build.0 = Release|x64
		{2F6A293B-A724-43FC-B411-3378DA7BC665}.Release|x86.ActiveCfg = Release|Win32
		{2F6A293B-A724-43FC-B411-3378DA7BC665}.Release|x86.Build.0 = Release|Win32
	EndGlobalSection
	GlobalSection(SolutionProperties) = preSolution
		HideSolutionNode = FALSE
	EndGlobalSection
	GlobalSection(ExtensibilityGlobals) = postSolution
		SolutionGuid = {0F7BDCA5-CDA9-43A4-AAB3-5241A7ADBC27}
	EndGlobalSection
EndGlobal
